// !$*UTF8*$!
{
	archiveVersion = 1;
	classes = {
	};
	objectVersion = 46;
	objects = {

/* Begin PBXBuildFile section */
		529CBD3819A8B457004CCF42 /* SettingsViewController.swift in Sources */ = {isa = PBXBuildFile; fileRef = 529CBD3719A8B457004CCF42 /* SettingsViewController.swift */; };
		52D0488919A893D8008260DB /* AppDelegate.swift in Sources */ = {isa = PBXBuildFile; fileRef = 52D0488819A893D8008260DB /* AppDelegate.swift */; };
		52D0488B19A893D8008260DB /* ViewController.swift in Sources */ = {isa = PBXBuildFile; fileRef = 52D0488A19A893D8008260DB /* ViewController.swift */; };
		52D0488E19A893D8008260DB /* Main.storyboard in Resources */ = {isa = PBXBuildFile; fileRef = 52D0488C19A893D8008260DB /* Main.storyboard */; };
		52D0489019A893D8008260DB /* Images.xcassets in Resources */ = {isa = PBXBuildFile; fileRef = 52D0488F19A893D8008260DB /* Images.xcassets */; };
		52D0489C19A893D8008260DB /* TipCalculatorTests.swift in Sources */ = {isa = PBXBuildFile; fileRef = 52D0489B19A893D8008260DB /* TipCalculatorTests.swift */; };
/* End PBXBuildFile section */

/* Begin PBXContainerItemProxy section */
		52D0489619A893D8008260DB /* PBXContainerItemProxy */ = {
			isa = PBXContainerItemProxy;
			containerPortal = 52D0487B19A893D7008260DB /* Project object */;
			proxyType = 1;
			remoteGlobalIDString = 52D0488219A893D8008260DB;
			remoteInfo = TipCalculator;
		};
/* End PBXContainerItemProxy section */

/* Begin PBXFileReference section */
		529CBD3719A8B457004CCF42 /* SettingsViewController.swift */ = {isa = PBXFileReference; fileEncoding = 4; lastKnownFileType = sourcecode.swift; path = SettingsViewController.swift; sourceTree = "<group>"; };
		52D0488319A893D8008260DB /* TipCalculator.app */ = {isa = PBXFileReference; explicitFileType = wrapper.application; includeInIndex = 0; path = TipCalculator.app; sourceTree = BUILT_PRODUCTS_DIR; };
		52D0488719A893D8008260DB /* Info.plist */ = {isa = PBXFileReference; lastKnownFileType = text.plist.xml; path = Info.plist; sourceTree = "<group>"; };
		52D0488819A893D8008260DB /* AppDelegate.swift */ = {isa = PBXFileReference; lastKnownFileType = sourcecode.swift; path = AppDelegate.swift; sourceTree = "<group>"; };
		52D0488A19A893D8008260DB /* ViewController.swift */ = {isa = PBXFileReference; lastKnownFileType = sourcecode.swift; path = ViewController.swift; sourceTree = "<group>"; };
		52D0488D19A893D8008260DB /* Base */ = {isa = PBXFileReference; lastKnownFileType = file.storyboard; name = Base; path = Base.lproj/Main.storyboard; sourceTree = "<group>"; };
		52D0488F19A893D8008260DB /* Images.xcassets */ = {isa = PBXFileReference; lastKnownFileType = folder.assetcatalog; path = Images.xcassets; sourceTree = "<group>"; };
		52D0489519A893D8008260DB /* TipCalculatorTests.xctest */ = {isa = PBXFileReference; explicitFileType = wrapper.cfbundle; includeInIndex = 0; path = TipCalculatorTests.xctest; sourceTree = BUILT_PRODUCTS_DIR; };
		52D0489A19A893D8008260DB /* Info.plist */ = {isa = PBXFileReference; lastKnownFileType = text.plist.xml; path = Info.plist; sourceTree = "<group>"; };
		52D0489B19A893D8008260DB /* TipCalculatorTests.swift */ = {isa = PBXFileReference; lastKnownFileType = sourcecode.swift; path = TipCalculatorTests.swift; sourceTree = "<group>"; };
/* End PBXFileReference section */

/* Begin PBXFrameworksBuildPhase section */
		52D0488019A893D8008260DB /* Frameworks */ = {
			isa = PBXFrameworksBuildPhase;
			buildActionMask = 2147483647;
			files = (
			);
			runOnlyForDeploymentPostprocessing = 0;
		};
		52D0489219A893D8008260DB /* Frameworks */ = {
			isa = PBXFrameworksBuildPhase;
			buildActionMask = 2147483647;
			files = (
			);
			runOnlyForDeploymentPostprocessing = 0;
		};
/* End PBXFrameworksBuildPhase section */

/* Begin PBXGroup section */
		5272B7CE19A91C1F005FDBAB /* View Controller */ = {
			isa = PBXGroup;
			children = (
				529CBD3719A8B457004CCF42 /* SettingsViewController.swift */,
			);
			name = "View Controller";
			sourceTree = "<group>";
		};
		52D0487A19A893D7008260DB = {
			isa = PBXGroup;
			children = (
				52D0488519A893D8008260DB /* TipCalculator */,
				52D0489819A893D8008260DB /* TipCalculatorTests */,
				52D0488419A893D8008260DB /* Products */,
			);
			sourceTree = "<group>";
		};
		52D0488419A893D8008260DB /* Products */ = {
			isa = PBXGroup;
			children = (
				52D0488319A893D8008260DB /* TipCalculator.app */,
				52D0489519A893D8008260DB /* TipCalculatorTests.xctest */,
			);
			name = Products;
			sourceTree = "<group>";
		};
		52D0488519A893D8008260DB /* TipCalculator */ = {
			isa = PBXGroup;
			children = (
				5272B7CE19A91C1F005FDBAB /* View Controller */,
				52D0488819A893D8008260DB /* AppDelegate.swift */,
				52D0488A19A893D8008260DB /* ViewController.swift */,
				52D0488C19A893D8008260DB /* Main.storyboard */,
				52D0488F19A893D8008260DB /* Images.xcassets */,
				52D0488619A893D8008260DB /* Supporting Files */,
			);
			path = TipCalculator;
			sourceTree = "<group>";
		};
		52D0488619A893D8008260DB /* Supporting Files */ = {
			isa = PBXGroup;
			children = (
				52D0488719A893D8008260DB /* Info.plist */,
			);
			name = "Supporting Files";
			sourceTree = "<group>";
		};
		52D0489819A893D8008260DB /* TipCalculatorTests */ = {
			isa = PBXGroup;
			children = (
				52D0489B19A893D8008260DB /* TipCalculatorTests.swift */,
				52D0489919A893D8008260DB /* Supporting Files */,
			);
			path = TipCalculatorTests;
			sourceTree = "<group>";
		};
		52D0489919A893D8008260DB /* Supporting Files */ = {
			isa = PBXGroup;
			children = (
				52D0489A19A893D8008260DB /* Info.plist */,
			);
			name = "Supporting Files";
			sourceTree = "<group>";
		};
/* End PBXGroup section */

/* Begin PBXNativeTarget section */
		52D0488219A893D8008260DB /* TipCalculator */ = {
			isa = PBXNativeTarget;
			buildConfigurationList = 52D0489F19A893D8008260DB /* Build configuration list for PBXNativeTarget "TipCalculator" */;
			buildPhases = (
				52D0487F19A893D8008260DB /* Sources */,
				52D0488019A893D8008260DB /* Frameworks */,
				52D0488119A893D8008260DB /* Resources */,
			);
			buildRules = (
			);
			dependencies = (
			);
			name = TipCalculator;
			productName = TipCalculator;
			productReference = 52D0488319A893D8008260DB /* TipCalculator.app */;
			productType = "com.apple.product-type.application";
		};
		52D0489419A893D8008260DB /* TipCalculatorTests */ = {
			isa = PBXNativeTarget;
			buildConfigurationList = 52D048A219A893D8008260DB /* Build configuration list for PBXNativeTarget "TipCalculatorTests" */;
			buildPhases = (
				52D0489119A893D8008260DB /* Sources */,
				52D0489219A893D8008260DB /* Frameworks */,
				52D0489319A893D8008260DB /* Resources */,
			);
			buildRules = (
			);
			dependencies = (
				52D0489719A893D8008260DB /* PBXTargetDependency */,
			);
			name = TipCalculatorTests;
			productName = TipCalculatorTests;
			productReference = 52D0489519A893D8008260DB /* TipCalculatorTests.xctest */;
			productType = "com.apple.product-type.bundle.unit-test";
		};
/* End PBXNativeTarget section */

/* Begin PBXProject section */
		52D0487B19A893D7008260DB /* Project object */ = {
			isa = PBXProject;
			attributes = {
				LastUpgradeCheck = 0600;
				ORGANIZATIONNAME = "Nekkalapudi, Satish";
				TargetAttributes = {
					52D0488219A893D8008260DB = {
						CreatedOnToolsVersion = 6.0;
					};
					52D0489419A893D8008260DB = {
						CreatedOnToolsVersion = 6.0;
						TestTargetID = 52D0488219A893D8008260DB;
					};
				};
			};
			buildConfigurationList = 52D0487E19A893D7008260DB /* Build configuration list for PBXProject "TipCalculator" */;
			compatibilityVersion = "Xcode 3.2";
			developmentRegion = English;
			hasScannedForEncodings = 0;
			knownRegions = (
				en,
				Base,
			);
			mainGroup = 52D0487A19A893D7008260DB;
			productRefGroup = 52D0488419A893D8008260DB /* Products */;
			projectDirPath = "";
			projectRoot = "";
			targets = (
				52D0488219A893D8008260DB /* TipCalculator */,
				52D0489419A893D8008260DB /* TipCalculatorTests */,
			);
		};
/* End PBXProject section */

/* Begin PBXResourcesBuildPhase section */
		52D0488119A893D8008260DB /* Resources */ = {
			isa = PBXResourcesBuildPhase;
			buildActionMask = 2147483647;
			files = (
				52D0488E19A893D8008260DB /* Main.storyboard in Resources */,
				52D0489019A893D8008260DB /* Images.xcassets in Resources */,
			);
			runOnlyForDeploymentPostprocessing = 0;
		};
		52D0489319A893D8008260DB /* Resources */ = {
			isa = PBXResourcesBuildPhase;
			buildActionMask = 2147483647;
			files = (
			);
			runOnlyForDeploymentPostprocessing = 0;
		};
/* End PBXResourcesBuildPhase section */

/* Begin PBXSourcesBuildPhase section */
		52D0487F19A893D8008260DB /* Sources */ = {
			isa = PBXSourcesBuildPhase;
			buildActionMask = 2147483647;
			files = (
				52D0488B19A893D8008260DB /* ViewController.swift in Sources */,
				52D0488919A893D8008260DB /* AppDelegate.swift in Sources */,
				529CBD3819A8B457004CCF42 /* SettingsViewController.swift in Sources */,
			);
			runOnlyForDeploymentPostprocessing = 0;
		};
		52D0489119A893D8008260DB /* Sources */ = {
			isa = PBXSourcesBuildPhase;
			buildActionMask = 2147483647;
			files = (
				52D0489C19A893D8008260DB /* TipCalculatorTests.swift in Sources */,
			);
			runOnlyForDeploymentPostprocessing = 0;
		};
/* End PBXSourcesBuildPhase section */

/* Begin PBXTargetDependency section */
		52D0489719A893D8008260DB /* PBXTargetDependency */ = {
			isa = PBXTargetDependency;
			target = 52D0488219A893D8008260DB /* TipCalculator */;
			targetProxy = 52D0489619A893D8008260DB /* PBXContainerItemProxy */;
		};
/* End PBXTargetDependency section */

/* Begin PBXVariantGroup section */
		52D0488C19A893D8008260DB /* Main.storyboard */ = {
			isa = PBXVariantGroup;
			children = (
				52D0488D19A893D8008260DB /* Base */,
			);
			name = Main.storyboard;
			sourceTree = "<group>";
		};
/* End PBXVariantGroup section */

/* Begin XCBuildConfiguration section */
		52D0489D19A893D8008260DB /* Debug */ = {
			isa = XCBuildConfiguration;
			buildSettings = {
				ALWAYS_SEARCH_USER_PATHS = NO;
				CLANG_CXX_LANGUAGE_STANDARD = "gnu++0x";
				CLANG_CXX_LIBRARY = "libc++";
				CLANG_ENABLE_MODULES = YES;
				CLANG_ENABLE_OBJC_ARC = YES;
				CLANG_WARN_BOOL_CONVERSION = YES;
				CLANG_WARN_CONSTANT_CONVERSION = YES;
				CLANG_WARN_DIRECT_OBJC_ISA_USAGE = YES_ERROR;
				CLANG_WARN_EMPTY_BODY = YES;
				CLANG_WARN_ENUM_CONVERSION = YES;
				CLANG_WARN_INT_CONVERSION = YES;
				CLANG_WARN_OBJC_ROOT_CLASS = YES_ERROR;
				CLANG_WARN_UNREACHABLE_CODE = YES;
				CLANG_WARN__DUPLICATE_METHOD_MATCH = YES;
				"CODE_SIGN_IDENTITY[sdk=iphoneos*]" = "iPhone Developer";
				COPY_PHASE_STRIP = NO;
				ENABLE_STRICT_OBJC_MSGSEND = YES;
				GCC_C_LANGUAGE_STANDARD = gnu99;
				GCC_DYNAMIC_NO_PIC = NO;
				GCC_OPTIMIZATION_LEVEL = 0;
				GCC_PREPROCESSOR_DEFINITIONS = (
					"DEBUG=1",
					"$(inherited)",
				);
				GCC_SYMBOLS_PRIVATE_EXTERN = NO;
				GCC_WARN_64_TO_32_BIT_CONVERSION = YES;
				GCC_WARN_ABOUT_RETURN_TYPE = YES_ERROR;
				GCC_WARN_UNDECLARED_SELECTOR = YES;
				GCC_WARN_UNINITIALIZED_AUTOS = YES_AGGRESSIVE;
				GCC_WARN_UNUSED_FUNCTION = YES;
				GCC_WARN_UNUSED_VARIABLE = YES;
				IPHONEOS_DEPLOYMENT_TARGET = 8.0;
				MTL_ENABLE_DEBUG_INFO = YES;
				ONLY_ACTIVE_ARCH = YES;
				SDKROOT = iphoneos;
				SWIFT_OPTIMIZATION_LEVEL = "-Onone";
			};
			name = Debug;
		};
		52D0489E19A893D8008260DB /* Release */ = {
			isa = XCBuildConfiguration;
			buildSettings = {
				ALWAYS_SEARCH_USER_PATHS = NO;
				CLANG_CXX_LANGUAGE_STANDARD = "gnu++0x";
				CLANG_CXX_LIBRARY = "libc++";
				CLANG_ENABLE_MODULES = YES;
				CLANG_ENABLE_OBJC_ARC = YES;
				CLANG_WARN_BOOL_CONVERSION = YES;
				CLANG_WARN_CONSTANT_CONVERSION = YES;
				CLANG_WARN_DIRECT_OBJC_ISA_USAGE = YES_ERROR;
				CLANG_WARN_EMPTY_BODY = YES;
				CLANG_WARN_ENUM_CONVERSION = YES;
				CLANG_WARN_INT_CONVERSION = YES;
				CLANG_WARN_OBJC_ROOT_CLASS = YES_ERROR;
				CLANG_WARN_UNREACHABLE_CODE = YES;
				CLANG_WARN__DUPLICATE_METHOD_MATCH = YES;
				"CODE_SIGN_IDENTITY[sdk=iphoneos*]" = "iPhone Developer";
				COPY_PHASE_STRIP = YES;
				ENABLE_NS_ASSERTIONS = NO;
				ENABLE_STRICT_OBJC_MSGSEND = YES;
				GCC_C_LANGUAGE_STANDARD = gnu99;
				GCC_WARN_64_TO_32_BIT_CONVERSION = YES;
				GCC_WARN_ABOUT_RETURN_TYPE = YES_ERROR;
				GCC_WARN_UNDECLARED_SELECTOR = YES;
				GCC_WARN_UNINITIALIZED_AUTOS = YES_AGGRESSIVE;
				GCC_WARN_UNUSED_FUNCTION = YES;
				GCC_WARN_UNUSED_VARIABLE = YES;
				IPHONEOS_DEPLOYMENT_TARGET = 8.0;
				MTL_ENABLE_DEBUG_INFO = NO;
				SDKROOT = iphoneos;
				VALIDATE_PRODUCT = YES;
			};
			name = Release;
		};
		52D048A019A893D8008260DB /* Debug */ = {
			isa = XCBuildConfiguration;
			buildSettings = {
				ASSETCATALOG_COMPILER_APPICON_NAME = AppIcon;
				ASSETCATALOG_COMPILER_LAUNCHIMAGE_NAME = LaunchImage;
				INFOPLIST_FILE = TipCalculator/Info.plist;
				LD_RUNPATH_SEARCH_PATHS = "$(inherited) @executable_path/Frameworks";
				PRODUCT_NAME = "$(TARGET_NAME)";
			};
			name = Debug;
		};
		52D048A119A893D8008260DB /* Release */ = {
			isa = XCBuildConfiguration;
			buildSettings = {
				ASSETCATALOG_COMPILER_APPICON_NAME = AppIcon;
				ASSETCATALOG_COMPILER_LAUNCHIMAGE_NAME = LaunchImage;
				INFOPLIST_FILE = TipCalculator/Info.plist;
				LD_RUNPATH_SEARCH_PATHS = "$(inherited) @executable_path/Frameworks";
				PRODUCT_NAME = "$(TARGET_NAME)";
			};
			name = Release;
		};
		52D048A319A893D8008260DB /* Debug */ = {
			isa = XCBuildConfiguration;
			buildSettings = {
				BUNDLE_LOADER = "$(TEST_HOST)";
				FRAMEWORK_SEARCH_PATHS = (
					"$(SDKROOT)/Developer/Library/Frameworks",
					"$(inherited)",
				);
				GCC_PREPROCESSOR_DEFINITIONS = (
					"DEBUG=1",
					"$(inherited)",
				);
				INFOPLIST_FILE = TipCalculatorTests/Info.plist;
				LD_RUNPATH_SEARCH_PATHS = "$(inherited) @executable_path/Frameworks @loader_path/Frameworks";
				PRODUCT_NAME = "$(TARGET_NAME)";
				TEST_HOST = "$(BUILT_PRODUCTS_DIR)/TipCalculator.app/TipCalculator";
			};
			name = Debug;
		};
		52D048A419A893D8008260DB /* Release */ = {
			isa = XCBuildConfiguration;
			buildSettings = {
				BUNDLE_LOADER = "$(TEST_HOST)";
				FRAMEWORK_SEARCH_PATHS = (
					"$(SDKROOT)/Developer/Library/Frameworks",
					"$(inherited)",
				);
				INFOPLIST_FILE = TipCalculatorTests/Info.plist;
				LD_RUNPATH_SEARCH_PATHS = "$(inherited) @executable_path/Frameworks @loader_path/Frameworks";
				PRODUCT_NAME = "$(TARGET_NAME)";
				TEST_HOST = "$(BUILT_PRODUCTS_DIR)/TipCalculator.app/TipCalculator";
			};
			name = Release;
		};
/* End XCBuildConfiguration section */

/* Begin XCConfigurationList section */
		52D0487E19A893D7008260DB /* Build configuration list for PBXProject "TipCalculator" */ = {
			isa = XCConfigurationList;
			buildConfigurations = (
				52D0489D19A893D8008260DB /* Debug */,
				52D0489E19A893D8008260DB /* Release */,
			);
			defaultConfigurationIsVisible = 0;
			defaultConfigurationName = Release;
		};
		52D0489F19A893D8008260DB /* Build configuration list for PBXNativeTarget "TipCalculator" */ = {
			isa = XCConfigurationList;
			buildConfigurations = (
				52D048A019A893D8008260DB /* Debug */,
				52D048A119A893D8008260DB /* Release */,
			);
			defaultConfigurationIsVisible = 0;
			defaultConfigurationName = Release;
		};
		52D048A219A893D8008260DB /* Build configuration list for PBXNativeTarget "TipCalculatorTests" */ = {
			isa = XCConfigurationList;
			buildConfigurations = (
				52D048A319A893D8008260DB /* Debug */,
				52D048A419A893D8008260DB /* Release */,
			);
			defaultConfigurationIsVisible = 0;
			defaultConfigurationName = Release;
		};
/* End XCConfigurationList section */
	};
	rootObject = 52D0487B19A893D7008260DB /* Project object */;
}
